// !$*UTF8*$!
{
	archiveVersion = 1;
	classes = {
	};
	objectVersion = 56;
	objects = {

/* Begin PBXBuildFile section */
		4E144DF32979F96A00819FAC /* DetailControllerTests.swift in Sources */ = {isa = PBXBuildFile; fileRef = 4E144DF22979F96A00819FAC /* DetailControllerTests.swift */; };
		4E144DF52979FA2700819FAC /* DetailPresenterSpy.swift in Sources */ = {isa = PBXBuildFile; fileRef = 4E144DF42979FA2700819FAC /* DetailPresenterSpy.swift */; };
		4E144DF72979FB4000819FAC /* DetailViewSpy.swift in Sources */ = {isa = PBXBuildFile; fileRef = 4E144DF62979FB4000819FAC /* DetailViewSpy.swift */; };
		4E144DF92979FCC200819FAC /* DetailViewModel+Stub.swift in Sources */ = {isa = PBXBuildFile; fileRef = 4E144DF82979FCC200819FAC /* DetailViewModel+Stub.swift */; };
		4E144DFB2979FFA000819FAC /* TVShow+Stub.swift in Sources */ = {isa = PBXBuildFile; fileRef = 4E144DFA2979FFA000819FAC /* TVShow+Stub.swift */; };
		4E144DFD297A00E000819FAC /* DetailPresenterTests.swift in Sources */ = {isa = PBXBuildFile; fileRef = 4E144DFC297A00E000819FAC /* DetailPresenterTests.swift */; };
		4E144DFF297A00F400819FAC /* DetailControllerSpy.swift in Sources */ = {isa = PBXBuildFile; fileRef = 4E144DFE297A00F400819FAC /* DetailControllerSpy.swift */; };
		4E144E01297A01BC00819FAC /* ServiceSpy.swift in Sources */ = {isa = PBXBuildFile; fileRef = 4E144E00297A01BC00819FAC /* ServiceSpy.swift */; };
		4E144E03297A045300819FAC /* DetailAdapterSpy.swift in Sources */ = {isa = PBXBuildFile; fileRef = 4E144E02297A045300819FAC /* DetailAdapterSpy.swift */; };
		4E144E05297A054C00819FAC /* Episode+Stub.swift in Sources */ = {isa = PBXBuildFile; fileRef = 4E144E04297A054C00819FAC /* Episode+Stub.swift */; };
		4E144E07297A0BB100819FAC /* DetailAdapterTests.swift in Sources */ = {isa = PBXBuildFile; fileRef = 4E144E06297A0BB100819FAC /* DetailAdapterTests.swift */; };
		4E144E09297A10AF00819FAC /* DetailViewTests.swift in Sources */ = {isa = PBXBuildFile; fileRef = 4E144E08297A10AF00819FAC /* DetailViewTests.swift */; };
		4E3A36C42979F449005A7506 /* AppCoordinatorTests.swift in Sources */ = {isa = PBXBuildFile; fileRef = 4E3A36C32979F449005A7506 /* AppCoordinatorTests.swift */; };
		4E3CBFB6296DD730004ACD6A /* HomeViewTableHandler.swift in Sources */ = {isa = PBXBuildFile; fileRef = 4E3CBFB5296DD730004ACD6A /* HomeViewTableHandler.swift */; };
		4E49C0AC297099260009140C /* DetailController.swift in Sources */ = {isa = PBXBuildFile; fileRef = 4E49C0AB297099260009140C /* DetailController.swift */; };
		4E6390EA296CE8D9005613AE /* HomeViewModel.swift in Sources */ = {isa = PBXBuildFile; fileRef = 4E6390E9296CE8D9005613AE /* HomeViewModel.swift */; };
		4E6390EC296CE913005613AE /* HomeAdapter.swift in Sources */ = {isa = PBXBuildFile; fileRef = 4E6390EB296CE913005613AE /* HomeAdapter.swift */; };
		4E6390EE296CE93E005613AE /* HomeProtocols.swift in Sources */ = {isa = PBXBuildFile; fileRef = 4E6390ED296CE93E005613AE /* HomeProtocols.swift */; };
		4E6390F0296CE96A005613AE /* BaseProtocols.swift in Sources */ = {isa = PBXBuildFile; fileRef = 4E6390EF296CE96A005613AE /* BaseProtocols.swift */; };
		4E6464AF296CBD1400BDAA84 /* HomeController.swift in Sources */ = {isa = PBXBuildFile; fileRef = 4E6464AE296CBD1400BDAA84 /* HomeController.swift */; };
		4E6464B1296CBD4600BDAA84 /* HomeView.swift in Sources */ = {isa = PBXBuildFile; fileRef = 4E6464B0296CBD4600BDAA84 /* HomeView.swift */; };
		4E6464B4296CBDD900BDAA84 /* BaseController.swift in Sources */ = {isa = PBXBuildFile; fileRef = 4E6464B3296CBDD900BDAA84 /* BaseController.swift */; };
		4E6464B6296CBE2100BDAA84 /* BaseView.swift in Sources */ = {isa = PBXBuildFile; fileRef = 4E6464B5296CBE2100BDAA84 /* BaseView.swift */; };
		4E6464B8296CBE8200BDAA84 /* LoadingView.swift in Sources */ = {isa = PBXBuildFile; fileRef = 4E6464B7296CBE8200BDAA84 /* LoadingView.swift */; };
		4E6464BC296CD2BB00BDAA84 /* Localizable.strings in Resources */ = {isa = PBXBuildFile; fileRef = 4E6464BB296CD2BB00BDAA84 /* Localizable.strings */; };
		4E6464BE296CD3CD00BDAA84 /* L10n.swift in Sources */ = {isa = PBXBuildFile; fileRef = 4E6464BD296CD3CD00BDAA84 /* L10n.swift */; };
		4E6464C0296CD4BE00BDAA84 /* Images.swift in Sources */ = {isa = PBXBuildFile; fileRef = 4E6464BF296CD4BE00BDAA84 /* Images.swift */; };
		4E6464C3296CD7A800BDAA84 /* Models.swift in Sources */ = {isa = PBXBuildFile; fileRef = 4E6464C2296CD7A800BDAA84 /* Models.swift */; };
		4E6464C5296CD7E000BDAA84 /* Service.swift in Sources */ = {isa = PBXBuildFile; fileRef = 4E6464C4296CD7E000BDAA84 /* Service.swift */; };
		4E6464C7296CDA3C00BDAA84 /* RequestManager.swift in Sources */ = {isa = PBXBuildFile; fileRef = 4E6464C6296CDA3C00BDAA84 /* RequestManager.swift */; };
		4E6464C9296CDA9800BDAA84 /* Endpoints.swift in Sources */ = {isa = PBXBuildFile; fileRef = 4E6464C8296CDA9800BDAA84 /* Endpoints.swift */; };
		4E6464CB296CE45400BDAA84 /* HomePresenter.swift in Sources */ = {isa = PBXBuildFile; fileRef = 4E6464CA296CE45400BDAA84 /* HomePresenter.swift */; };
		4E6464CD296CE5A900BDAA84 /* AppCoordinator.swift in Sources */ = {isa = PBXBuildFile; fileRef = 4E6464CC296CE5A900BDAA84 /* AppCoordinator.swift */; };
		4EA8EECF2971CE07009F8029 /* DetailProtocols.swift in Sources */ = {isa = PBXBuildFile; fileRef = 4EA8EECE2971CE07009F8029 /* DetailProtocols.swift */; };
		4EA8EED12971CF70009F8029 /* DetailViewModel.swift in Sources */ = {isa = PBXBuildFile; fileRef = 4EA8EED02971CF70009F8029 /* DetailViewModel.swift */; };
		4EA8EED32971D0F3009F8029 /* Array+Ext.swift in Sources */ = {isa = PBXBuildFile; fileRef = 4EA8EED22971D0F3009F8029 /* Array+Ext.swift */; };
		4EA8EED52971E651009F8029 /* DetailPresenter.swift in Sources */ = {isa = PBXBuildFile; fileRef = 4EA8EED42971E651009F8029 /* DetailPresenter.swift */; };
		4EA8EED7297207FF009F8029 /* DetailView.swift in Sources */ = {isa = PBXBuildFile; fileRef = 4EA8EED6297207FE009F8029 /* DetailView.swift */; };
		4EA8EEDB2972084F009F8029 /* DetailAdapter.swift in Sources */ = {isa = PBXBuildFile; fileRef = 4EA8EEDA2972084F009F8029 /* DetailAdapter.swift */; };
		4EB08720296CB90500F07050 /* AppDelegate.swift in Sources */ = {isa = PBXBuildFile; fileRef = 4EB0871F296CB90500F07050 /* AppDelegate.swift */; };
		4EB08729296CB90600F07050 /* Assets.xcassets in Resources */ = {isa = PBXBuildFile; fileRef = 4EB08728296CB90600F07050 /* Assets.xcassets */; };
		4EB0872C296CB90600F07050 /* LaunchScreen.storyboard in Resources */ = {isa = PBXBuildFile; fileRef = 4EB0872A296CB90600F07050 /* LaunchScreen.storyboard */; };
		4EEDE4A4296DE38D00256F04 /* HomeViewTableCell.swift in Sources */ = {isa = PBXBuildFile; fileRef = 4EEDE4A3296DE38D00256F04 /* HomeViewTableCell.swift */; };
		4EEDE4A6296DE48800256F04 /* SelfLoadImageView.swift in Sources */ = {isa = PBXBuildFile; fileRef = 4EEDE4A5296DE48800256F04 /* SelfLoadImageView.swift */; };
		4EEDE4A8296DE7AA00256F04 /* ImageDownloader.swift in Sources */ = {isa = PBXBuildFile; fileRef = 4EEDE4A7296DE7AA00256F04 /* ImageDownloader.swift */; };
/* End PBXBuildFile section */

/* Begin PBXContainerItemProxy section */
		4EB08733296CB90600F07050 /* PBXContainerItemProxy */ = {
			isa = PBXContainerItemProxy;
			containerPortal = 4EB08714296CB90500F07050 /* Project object */;
			proxyType = 1;
			remoteGlobalIDString = 4EB0871B296CB90500F07050;
			remoteInfo = SeriesList;
		};
/* End PBXContainerItemProxy section */

/* Begin PBXFileReference section */
		4E144DF22979F96A00819FAC /* DetailControllerTests.swift */ = {isa = PBXFileReference; lastKnownFileType = sourcecode.swift; path = DetailControllerTests.swift; sourceTree = "<group>"; };
		4E144DF42979FA2700819FAC /* DetailPresenterSpy.swift */ = {isa = PBXFileReference; lastKnownFileType = sourcecode.swift; path = DetailPresenterSpy.swift; sourceTree = "<group>"; };
		4E144DF62979FB4000819FAC /* DetailViewSpy.swift */ = {isa = PBXFileReference; lastKnownFileType = sourcecode.swift; path = DetailViewSpy.swift; sourceTree = "<group>"; };
		4E144DF82979FCC200819FAC /* DetailViewModel+Stub.swift */ = {isa = PBXFileReference; lastKnownFileType = sourcecode.swift; path = "DetailViewModel+Stub.swift"; sourceTree = "<group>"; };
		4E144DFA2979FFA000819FAC /* TVShow+Stub.swift */ = {isa = PBXFileReference; lastKnownFileType = sourcecode.swift; path = "TVShow+Stub.swift"; sourceTree = "<group>"; };
		4E144DFC297A00E000819FAC /* DetailPresenterTests.swift */ = {isa = PBXFileReference; lastKnownFileType = sourcecode.swift; path = DetailPresenterTests.swift; sourceTree = "<group>"; };
		4E144DFE297A00F400819FAC /* DetailControllerSpy.swift */ = {isa = PBXFileReference; lastKnownFileType = sourcecode.swift; path = DetailControllerSpy.swift; sourceTree = "<group>"; };
		4E144E00297A01BC00819FAC /* ServiceSpy.swift */ = {isa = PBXFileReference; lastKnownFileType = sourcecode.swift; path = ServiceSpy.swift; sourceTree = "<group>"; };
		4E144E02297A045300819FAC /* DetailAdapterSpy.swift */ = {isa = PBXFileReference; lastKnownFileType = sourcecode.swift; path = DetailAdapterSpy.swift; sourceTree = "<group>"; };
		4E144E04297A054C00819FAC /* Episode+Stub.swift */ = {isa = PBXFileReference; lastKnownFileType = sourcecode.swift; path = "Episode+Stub.swift"; sourceTree = "<group>"; };
		4E144E06297A0BB100819FAC /* DetailAdapterTests.swift */ = {isa = PBXFileReference; lastKnownFileType = sourcecode.swift; path = DetailAdapterTests.swift; sourceTree = "<group>"; };
		4E144E08297A10AF00819FAC /* DetailViewTests.swift */ = {isa = PBXFileReference; lastKnownFileType = sourcecode.swift; path = DetailViewTests.swift; sourceTree = "<group>"; };
		4E3A36C32979F449005A7506 /* AppCoordinatorTests.swift */ = {isa = PBXFileReference; lastKnownFileType = sourcecode.swift; path = AppCoordinatorTests.swift; sourceTree = "<group>"; };
		4E3CBFB5296DD730004ACD6A /* HomeViewTableHandler.swift */ = {isa = PBXFileReference; lastKnownFileType = sourcecode.swift; path = HomeViewTableHandler.swift; sourceTree = "<group>"; };
		4E49C0AB297099260009140C /* DetailController.swift */ = {isa = PBXFileReference; lastKnownFileType = sourcecode.swift; path = DetailController.swift; sourceTree = "<group>"; };
		4E6390E9296CE8D9005613AE /* HomeViewModel.swift */ = {isa = PBXFileReference; lastKnownFileType = sourcecode.swift; path = HomeViewModel.swift; sourceTree = "<group>"; };
		4E6390EB296CE913005613AE /* HomeAdapter.swift */ = {isa = PBXFileReference; lastKnownFileType = sourcecode.swift; path = HomeAdapter.swift; sourceTree = "<group>"; };
		4E6390ED296CE93E005613AE /* HomeProtocols.swift */ = {isa = PBXFileReference; lastKnownFileType = sourcecode.swift; path = HomeProtocols.swift; sourceTree = "<group>"; };
		4E6390EF296CE96A005613AE /* BaseProtocols.swift */ = {isa = PBXFileReference; lastKnownFileType = sourcecode.swift; path = BaseProtocols.swift; sourceTree = "<group>"; };
		4E6464AE296CBD1400BDAA84 /* HomeController.swift */ = {isa = PBXFileReference; lastKnownFileType = sourcecode.swift; path = HomeController.swift; sourceTree = "<group>"; };
		4E6464B0296CBD4600BDAA84 /* HomeView.swift */ = {isa = PBXFileReference; lastKnownFileType = sourcecode.swift; path = HomeView.swift; sourceTree = "<group>"; };
		4E6464B3296CBDD900BDAA84 /* BaseController.swift */ = {isa = PBXFileReference; lastKnownFileType = sourcecode.swift; path = BaseController.swift; sourceTree = "<group>"; };
		4E6464B5296CBE2100BDAA84 /* BaseView.swift */ = {isa = PBXFileReference; lastKnownFileType = sourcecode.swift; path = BaseView.swift; sourceTree = "<group>"; };
		4E6464B7296CBE8200BDAA84 /* LoadingView.swift */ = {isa = PBXFileReference; lastKnownFileType = sourcecode.swift; path = LoadingView.swift; sourceTree = "<group>"; };
		4E6464BB296CD2BB00BDAA84 /* Localizable.strings */ = {isa = PBXFileReference; lastKnownFileType = text.plist.strings; path = Localizable.strings; sourceTree = "<group>"; };
		4E6464BD296CD3CD00BDAA84 /* L10n.swift */ = {isa = PBXFileReference; lastKnownFileType = sourcecode.swift; path = L10n.swift; sourceTree = "<group>"; };
		4E6464BF296CD4BE00BDAA84 /* Images.swift */ = {isa = PBXFileReference; lastKnownFileType = sourcecode.swift; path = Images.swift; sourceTree = "<group>"; };
		4E6464C2296CD7A800BDAA84 /* Models.swift */ = {isa = PBXFileReference; lastKnownFileType = sourcecode.swift; path = Models.swift; sourceTree = "<group>"; };
		4E6464C4296CD7E000BDAA84 /* Service.swift */ = {isa = PBXFileReference; lastKnownFileType = sourcecode.swift; path = Service.swift; sourceTree = "<group>"; };
		4E6464C6296CDA3C00BDAA84 /* RequestManager.swift */ = {isa = PBXFileReference; lastKnownFileType = sourcecode.swift; path = RequestManager.swift; sourceTree = "<group>"; };
		4E6464C8296CDA9800BDAA84 /* Endpoints.swift */ = {isa = PBXFileReference; lastKnownFileType = sourcecode.swift; path = Endpoints.swift; sourceTree = "<group>"; };
		4E6464CA296CE45400BDAA84 /* HomePresenter.swift */ = {isa = PBXFileReference; lastKnownFileType = sourcecode.swift; path = HomePresenter.swift; sourceTree = "<group>"; };
		4E6464CC296CE5A900BDAA84 /* AppCoordinator.swift */ = {isa = PBXFileReference; lastKnownFileType = sourcecode.swift; path = AppCoordinator.swift; sourceTree = "<group>"; };
		4EA8EECE2971CE07009F8029 /* DetailProtocols.swift */ = {isa = PBXFileReference; lastKnownFileType = sourcecode.swift; path = DetailProtocols.swift; sourceTree = "<group>"; };
		4EA8EED02971CF70009F8029 /* DetailViewModel.swift */ = {isa = PBXFileReference; lastKnownFileType = sourcecode.swift; path = DetailViewModel.swift; sourceTree = "<group>"; };
		4EA8EED22971D0F3009F8029 /* Array+Ext.swift */ = {isa = PBXFileReference; lastKnownFileType = sourcecode.swift; path = "Array+Ext.swift"; sourceTree = "<group>"; };
		4EA8EED42971E651009F8029 /* DetailPresenter.swift */ = {isa = PBXFileReference; lastKnownFileType = sourcecode.swift; path = DetailPresenter.swift; sourceTree = "<group>"; };
		4EA8EED6297207FE009F8029 /* DetailView.swift */ = {isa = PBXFileReference; lastKnownFileType = sourcecode.swift; path = DetailView.swift; sourceTree = "<group>"; };
		4EA8EEDA2972084F009F8029 /* DetailAdapter.swift */ = {isa = PBXFileReference; lastKnownFileType = sourcecode.swift; path = DetailAdapter.swift; sourceTree = "<group>"; };
		4EB0871C296CB90500F07050 /* SeriesList.app */ = {isa = PBXFileReference; explicitFileType = wrapper.application; includeInIndex = 0; path = SeriesList.app; sourceTree = BUILT_PRODUCTS_DIR; };
		4EB0871F296CB90500F07050 /* AppDelegate.swift */ = {isa = PBXFileReference; lastKnownFileType = sourcecode.swift; path = AppDelegate.swift; sourceTree = "<group>"; };
		4EB08728296CB90600F07050 /* Assets.xcassets */ = {isa = PBXFileReference; lastKnownFileType = folder.assetcatalog; path = Assets.xcassets; sourceTree = "<group>"; };
		4EB0872B296CB90600F07050 /* Base */ = {isa = PBXFileReference; lastKnownFileType = file.storyboard; name = Base; path = Base.lproj/LaunchScreen.storyboard; sourceTree = "<group>"; };
		4EB0872D296CB90600F07050 /* Info.plist */ = {isa = PBXFileReference; lastKnownFileType = text.plist.xml; path = Info.plist; sourceTree = "<group>"; };
		4EB08732296CB90600F07050 /* SeriesListTests.xctest */ = {isa = PBXFileReference; explicitFileType = wrapper.cfbundle; includeInIndex = 0; path = SeriesListTests.xctest; sourceTree = BUILT_PRODUCTS_DIR; };
		4EEDE4A3296DE38D00256F04 /* HomeViewTableCell.swift */ = {isa = PBXFileReference; lastKnownFileType = sourcecode.swift; path = HomeViewTableCell.swift; sourceTree = "<group>"; };
		4EEDE4A5296DE48800256F04 /* SelfLoadImageView.swift */ = {isa = PBXFileReference; lastKnownFileType = sourcecode.swift; path = SelfLoadImageView.swift; sourceTree = "<group>"; };
		4EEDE4A7296DE7AA00256F04 /* ImageDownloader.swift */ = {isa = PBXFileReference; lastKnownFileType = sourcecode.swift; path = ImageDownloader.swift; sourceTree = "<group>"; };
/* End PBXFileReference section */

/* Begin PBXFrameworksBuildPhase section */
		4EB08719296CB90500F07050 /* Frameworks */ = {
			isa = PBXFrameworksBuildPhase;
			buildActionMask = 2147483647;
			files = (
			);
			runOnlyForDeploymentPostprocessing = 0;
		};
		4EB0872F296CB90600F07050 /* Frameworks */ = {
			isa = PBXFrameworksBuildPhase;
			buildActionMask = 2147483647;
			files = (
			);
			runOnlyForDeploymentPostprocessing = 0;
		};
/* End PBXFrameworksBuildPhase section */

/* Begin PBXGroup section */
		4E3A36C22979F437005A7506 /* Scenes */ = {
			isa = PBXGroup;
			children = (
				4E3A36C52979F92B005A7506 /* Detail */,
				4E3A36C32979F449005A7506 /* AppCoordinatorTests.swift */,
			);
			path = Scenes;
			sourceTree = "<group>";
		};
		4E3A36C52979F92B005A7506 /* Detail */ = {
			isa = PBXGroup;
			children = (
				4E144DF22979F96A00819FAC /* DetailControllerTests.swift */,
				4E144DFC297A00E000819FAC /* DetailPresenterTests.swift */,
				4E144E06297A0BB100819FAC /* DetailAdapterTests.swift */,
				4E144E08297A10AF00819FAC /* DetailViewTests.swift */,
			);
			path = Detail;
			sourceTree = "<group>";
		};
		4E49C0AA297098F90009140C /* Detail */ = {
			isa = PBXGroup;
			children = (
				4E49C0AB297099260009140C /* DetailController.swift */,
				4EA8EED6297207FE009F8029 /* DetailView.swift */,
				4EA8EED42971E651009F8029 /* DetailPresenter.swift */,
				4EA8EED02971CF70009F8029 /* DetailViewModel.swift */,
				4EA8EEDA2972084F009F8029 /* DetailAdapter.swift */,
				4EA8EECE2971CE07009F8029 /* DetailProtocols.swift */,
			);
			path = Detail;
			sourceTree = "<group>";
		};
		4E562C5A2978537700F4BAA8 /* Spies */ = {
			isa = PBXGroup;
			children = (
				4E144DF42979FA2700819FAC /* DetailPresenterSpy.swift */,
				4E144DF62979FB4000819FAC /* DetailViewSpy.swift */,
				4E144DFE297A00F400819FAC /* DetailControllerSpy.swift */,
				4E144E00297A01BC00819FAC /* ServiceSpy.swift */,
				4E144E02297A045300819FAC /* DetailAdapterSpy.swift */,
			);
			path = Spies;
			sourceTree = "<group>";
		};
		4E562C5B2978537F00F4BAA8 /* Stubs */ = {
			isa = PBXGroup;
			children = (
				4E144DF82979FCC200819FAC /* DetailViewModel+Stub.swift */,
				4E144DFA2979FFA000819FAC /* TVShow+Stub.swift */,
				4E144E04297A054C00819FAC /* Episode+Stub.swift */,
			);
			path = Stubs;
			sourceTree = "<group>";
		};
		4E6464AA296CB9DD00BDAA84 /* Supporting Files */ = {
			isa = PBXGroup;
			children = (
				4EB0872A296CB90600F07050 /* LaunchScreen.storyboard */,
				4EB0872D296CB90600F07050 /* Info.plist */,
				4EB0871F296CB90500F07050 /* AppDelegate.swift */,
			);
			path = "Supporting Files";
			sourceTree = "<group>";
		};
		4E6464AB296CBCD100BDAA84 /* Resources */ = {
			isa = PBXGroup;
			children = (
				4E6464B2296CBDA200BDAA84 /* Common */,
				4EB08728296CB90600F07050 /* Assets.xcassets */,
				4E6464BB296CD2BB00BDAA84 /* Localizable.strings */,
				4E6464BD296CD3CD00BDAA84 /* L10n.swift */,
				4E6464BF296CD4BE00BDAA84 /* Images.swift */,
			);
			path = Resources;
			sourceTree = "<group>";
		};
		4E6464AC296CBCED00BDAA84 /* Scenes */ = {
			isa = PBXGroup;
			children = (
				4E6464CC296CE5A900BDAA84 /* AppCoordinator.swift */,
				4E49C0AA297098F90009140C /* Detail */,
				4E6464AD296CBCFF00BDAA84 /* Home */,
			);
			path = Scenes;
			sourceTree = "<group>";
		};
		4E6464AD296CBCFF00BDAA84 /* Home */ = {
			isa = PBXGroup;
			children = (
				4E6464CE296CE7AE00BDAA84 /* Table Classes */,
				4E6464AE296CBD1400BDAA84 /* HomeController.swift */,
				4E6464B0296CBD4600BDAA84 /* HomeView.swift */,
				4E6464CA296CE45400BDAA84 /* HomePresenter.swift */,
				4E6390EB296CE913005613AE /* HomeAdapter.swift */,
				4E6390E9296CE8D9005613AE /* HomeViewModel.swift */,
				4E6390ED296CE93E005613AE /* HomeProtocols.swift */,
			);
			path = Home;
			sourceTree = "<group>";
		};
		4E6464B2296CBDA200BDAA84 /* Common */ = {
			isa = PBXGroup;
			children = (
				4E6464B3296CBDD900BDAA84 /* BaseController.swift */,
				4E6464B5296CBE2100BDAA84 /* BaseView.swift */,
				4E6464B7296CBE8200BDAA84 /* LoadingView.swift */,
				4E6390EF296CE96A005613AE /* BaseProtocols.swift */,
				4EEDE4A5296DE48800256F04 /* SelfLoadImageView.swift */,
				4EA8EED22971D0F3009F8029 /* Array+Ext.swift */,
			);
			path = Common;
			sourceTree = "<group>";
		};
		4E6464C1296CD79A00BDAA84 /* Network */ = {
			isa = PBXGroup;
			children = (
				4E6464C2296CD7A800BDAA84 /* Models.swift */,
				4E6464C4296CD7E000BDAA84 /* Service.swift */,
				4E6464C6296CDA3C00BDAA84 /* RequestManager.swift */,
				4E6464C8296CDA9800BDAA84 /* Endpoints.swift */,
				4EEDE4A7296DE7AA00256F04 /* ImageDownloader.swift */,
			);
			path = Network;
			sourceTree = "<group>";
		};
		4E6464CE296CE7AE00BDAA84 /* Table Classes */ = {
			isa = PBXGroup;
			children = (
				4E3CBFB5296DD730004ACD6A /* HomeViewTableHandler.swift */,
				4EEDE4A3296DE38D00256F04 /* HomeViewTableCell.swift */,
			);
			path = "Table Classes";
			sourceTree = "<group>";
		};
		4E8D734B2977398400A25D60 /* Doubles */ = {
			isa = PBXGroup;
			children = (
				4E562C5B2978537F00F4BAA8 /* Stubs */,
				4E562C5A2978537700F4BAA8 /* Spies */,
			);
			path = Doubles;
			sourceTree = "<group>";
		};
		4EB08713296CB90500F07050 = {
			isa = PBXGroup;
			children = (
				4EB0871E296CB90500F07050 /* SeriesList */,
				4EB08735296CB90600F07050 /* SeriesListTests */,
				4EB0871D296CB90500F07050 /* Products */,
			);
			sourceTree = "<group>";
		};
		4EB0871D296CB90500F07050 /* Products */ = {
			isa = PBXGroup;
			children = (
				4EB0871C296CB90500F07050 /* SeriesList.app */,
				4EB08732296CB90600F07050 /* SeriesListTests.xctest */,
			);
			name = Products;
			sourceTree = "<group>";
		};
		4EB0871E296CB90500F07050 /* SeriesList */ = {
			isa = PBXGroup;
			children = (
				4E6464C1296CD79A00BDAA84 /* Network */,
				4E6464AC296CBCED00BDAA84 /* Scenes */,
				4E6464AB296CBCD100BDAA84 /* Resources */,
				4E6464AA296CB9DD00BDAA84 /* Supporting Files */,
			);
			path = SeriesList;
			sourceTree = "<group>";
		};
		4EB08735296CB90600F07050 /* SeriesListTests */ = {
			isa = PBXGroup;
			children = (
				4E3A36C22979F437005A7506 /* Scenes */,
				4E8D734B2977398400A25D60 /* Doubles */,
			);
			path = SeriesListTests;
			sourceTree = "<group>";
		};
/* End PBXGroup section */

/* Begin PBXNativeTarget section */
		4EB0871B296CB90500F07050 /* SeriesList */ = {
			isa = PBXNativeTarget;
			buildConfigurationList = 4EB08746296CB90600F07050 /* Build configuration list for PBXNativeTarget "SeriesList" */;
			buildPhases = (
				4EB08718296CB90500F07050 /* Sources */,
				4EB08719296CB90500F07050 /* Frameworks */,
				4EB0871A296CB90500F07050 /* Resources */,
			);
			buildRules = (
			);
			dependencies = (
			);
			name = SeriesList;
			productName = SeriesList;
			productReference = 4EB0871C296CB90500F07050 /* SeriesList.app */;
			productType = "com.apple.product-type.application";
		};
		4EB08731296CB90600F07050 /* SeriesListTests */ = {
			isa = PBXNativeTarget;
			buildConfigurationList = 4EB08749296CB90600F07050 /* Build configuration list for PBXNativeTarget "SeriesListTests" */;
			buildPhases = (
				4EB0872E296CB90600F07050 /* Sources */,
				4EB0872F296CB90600F07050 /* Frameworks */,
				4EB08730296CB90600F07050 /* Resources */,
			);
			buildRules = (
			);
			dependencies = (
				4EB08734296CB90600F07050 /* PBXTargetDependency */,
			);
			name = SeriesListTests;
			productName = SeriesListTests;
			productReference = 4EB08732296CB90600F07050 /* SeriesListTests.xctest */;
			productType = "com.apple.product-type.bundle.unit-test";
		};
/* End PBXNativeTarget section */

/* Begin PBXProject section */
		4EB08714296CB90500F07050 /* Project object */ = {
			isa = PBXProject;
			attributes = {
				BuildIndependentTargetsInParallel = 1;
				LastSwiftUpdateCheck = 1410;
				LastUpgradeCheck = 1410;
				TargetAttributes = {
					4EB0871B296CB90500F07050 = {
						CreatedOnToolsVersion = 14.1;
					};
					4EB08731296CB90600F07050 = {
						CreatedOnToolsVersion = 14.1;
						TestTargetID = 4EB0871B296CB90500F07050;
					};
				};
			};
			buildConfigurationList = 4EB08717296CB90500F07050 /* Build configuration list for PBXProject "SeriesList" */;
			compatibilityVersion = "Xcode 14.0";
			developmentRegion = en;
			hasScannedForEncodings = 0;
			knownRegions = (
				en,
				Base,
			);
			mainGroup = 4EB08713296CB90500F07050;
			productRefGroup = 4EB0871D296CB90500F07050 /* Products */;
			projectDirPath = "";
			projectRoot = "";
			targets = (
				4EB0871B296CB90500F07050 /* SeriesList */,
				4EB08731296CB90600F07050 /* SeriesListTests */,
			);
		};
/* End PBXProject section */

/* Begin PBXResourcesBuildPhase section */
		4EB0871A296CB90500F07050 /* Resources */ = {
			isa = PBXResourcesBuildPhase;
			buildActionMask = 2147483647;
			files = (
				4EB0872C296CB90600F07050 /* LaunchScreen.storyboard in Resources */,
				4E6464BC296CD2BB00BDAA84 /* Localizable.strings in Resources */,
				4EB08729296CB90600F07050 /* Assets.xcassets in Resources */,
			);
			runOnlyForDeploymentPostprocessing = 0;
		};
		4EB08730296CB90600F07050 /* Resources */ = {
			isa = PBXResourcesBuildPhase;
			buildActionMask = 2147483647;
			files = (
			);
			runOnlyForDeploymentPostprocessing = 0;
		};
/* End PBXResourcesBuildPhase section */

/* Begin PBXSourcesBuildPhase section */
		4EB08718296CB90500F07050 /* Sources */ = {
			isa = PBXSourcesBuildPhase;
			buildActionMask = 2147483647;
			files = (
				4E6464B1296CBD4600BDAA84 /* HomeView.swift in Sources */,
				4EA8EED32971D0F3009F8029 /* Array+Ext.swift in Sources */,
				4EA8EED52971E651009F8029 /* DetailPresenter.swift in Sources */,
				4E6464AF296CBD1400BDAA84 /* HomeController.swift in Sources */,
				4EEDE4A4296DE38D00256F04 /* HomeViewTableCell.swift in Sources */,
				4E6464B6296CBE2100BDAA84 /* BaseView.swift in Sources */,
				4E6464B4296CBDD900BDAA84 /* BaseController.swift in Sources */,
				4E6464BE296CD3CD00BDAA84 /* L10n.swift in Sources */,
				4EEDE4A8296DE7AA00256F04 /* ImageDownloader.swift in Sources */,
				4E3CBFB6296DD730004ACD6A /* HomeViewTableHandler.swift in Sources */,
				4E6464C0296CD4BE00BDAA84 /* Images.swift in Sources */,
				4E6390EC296CE913005613AE /* HomeAdapter.swift in Sources */,
				4E6464CD296CE5A900BDAA84 /* AppCoordinator.swift in Sources */,
				4E6390F0296CE96A005613AE /* BaseProtocols.swift in Sources */,
				4E6464C3296CD7A800BDAA84 /* Models.swift in Sources */,
				4EA8EED12971CF70009F8029 /* DetailViewModel.swift in Sources */,
				4E49C0AC297099260009140C /* DetailController.swift in Sources */,
				4EA8EED7297207FF009F8029 /* DetailView.swift in Sources */,
				4EA8EEDB2972084F009F8029 /* DetailAdapter.swift in Sources */,
				4EEDE4A6296DE48800256F04 /* SelfLoadImageView.swift in Sources */,
				4E6464C7296CDA3C00BDAA84 /* RequestManager.swift in Sources */,
				4EA8EECF2971CE07009F8029 /* DetailProtocols.swift in Sources */,
				4E6464C5296CD7E000BDAA84 /* Service.swift in Sources */,
				4E6464CB296CE45400BDAA84 /* HomePresenter.swift in Sources */,
				4EB08720296CB90500F07050 /* AppDelegate.swift in Sources */,
				4E6464C9296CDA9800BDAA84 /* Endpoints.swift in Sources */,
				4E6390EA296CE8D9005613AE /* HomeViewModel.swift in Sources */,
				4E6390EE296CE93E005613AE /* HomeProtocols.swift in Sources */,
				4E6464B8296CBE8200BDAA84 /* LoadingView.swift in Sources */,
			);
			runOnlyForDeploymentPostprocessing = 0;
		};
		4EB0872E296CB90600F07050 /* Sources */ = {
			isa = PBXSourcesBuildPhase;
			buildActionMask = 2147483647;
			files = (
				4E144DFB2979FFA000819FAC /* TVShow+Stub.swift in Sources */,
				4E144E03297A045300819FAC /* DetailAdapterSpy.swift in Sources */,
				4E144DF72979FB4000819FAC /* DetailViewSpy.swift in Sources */,
				4E144DFD297A00E000819FAC /* DetailPresenterTests.swift in Sources */,
				4E144DF92979FCC200819FAC /* DetailViewModel+Stub.swift in Sources */,
				4E144DF32979F96A00819FAC /* DetailControllerTests.swift in Sources */,
				4E144E01297A01BC00819FAC /* ServiceSpy.swift in Sources */,
				4E144DF52979FA2700819FAC /* DetailPresenterSpy.swift in Sources */,
				4E144E05297A054C00819FAC /* Episode+Stub.swift in Sources */,
				4E144E09297A10AF00819FAC /* DetailViewTests.swift in Sources */,
				4E3A36C42979F449005A7506 /* AppCoordinatorTests.swift in Sources */,
				4E144E07297A0BB100819FAC /* DetailAdapterTests.swift in Sources */,
				4E144DFF297A00F400819FAC /* DetailControllerSpy.swift in Sources */,
			);
			runOnlyForDeploymentPostprocessing = 0;
		};
/* End PBXSourcesBuildPhase section */

/* Begin PBXTargetDependency section */
		4EB08734296CB90600F07050 /* PBXTargetDependency */ = {
			isa = PBXTargetDependency;
			target = 4EB0871B296CB90500F07050 /* SeriesList */;
			targetProxy = 4EB08733296CB90600F07050 /* PBXContainerItemProxy */;
		};
/* End PBXTargetDependency section */

/* Begin PBXVariantGroup section */
		4EB0872A296CB90600F07050 /* LaunchScreen.storyboard */ = {
			isa = PBXVariantGroup;
			children = (
				4EB0872B296CB90600F07050 /* Base */,
			);
			name = LaunchScreen.storyboard;
			sourceTree = "<group>";
		};
/* End PBXVariantGroup section */

/* Begin XCBuildConfiguration section */
		4EB08744296CB90600F07050 /* Debug */ = {
			isa = XCBuildConfiguration;
			buildSettings = {
				ALWAYS_SEARCH_USER_PATHS = NO;
				CLANG_ANALYZER_NONNULL = YES;
				CLANG_ANALYZER_NUMBER_OBJECT_CONVERSION = YES_AGGRESSIVE;
				CLANG_CXX_LANGUAGE_STANDARD = "gnu++20";
				CLANG_ENABLE_MODULES = YES;
				CLANG_ENABLE_OBJC_ARC = YES;
				CLANG_ENABLE_OBJC_WEAK = YES;
				CLANG_WARN_BLOCK_CAPTURE_AUTORELEASING = YES;
				CLANG_WARN_BOOL_CONVERSION = YES;
				CLANG_WARN_COMMA = YES;
				CLANG_WARN_CONSTANT_CONVERSION = YES;
				CLANG_WARN_DEPRECATED_OBJC_IMPLEMENTATIONS = YES;
				CLANG_WARN_DIRECT_OBJC_ISA_USAGE = YES_ERROR;
				CLANG_WARN_DOCUMENTATION_COMMENTS = YES;
				CLANG_WARN_EMPTY_BODY = YES;
				CLANG_WARN_ENUM_CONVERSION = YES;
				CLANG_WARN_INFINITE_RECURSION = YES;
				CLANG_WARN_INT_CONVERSION = YES;
				CLANG_WARN_NON_LITERAL_NULL_CONVERSION = YES;
				CLANG_WARN_OBJC_IMPLICIT_RETAIN_SELF = YES;
				CLANG_WARN_OBJC_LITERAL_CONVERSION = YES;
				CLANG_WARN_OBJC_ROOT_CLASS = YES_ERROR;
				CLANG_WARN_QUOTED_INCLUDE_IN_FRAMEWORK_HEADER = YES;
				CLANG_WARN_RANGE_LOOP_ANALYSIS = YES;
				CLANG_WARN_STRICT_PROTOTYPES = YES;
				CLANG_WARN_SUSPICIOUS_MOVE = YES;
				CLANG_WARN_UNGUARDED_AVAILABILITY = YES_AGGRESSIVE;
				CLANG_WARN_UNREACHABLE_CODE = YES;
				CLANG_WARN__DUPLICATE_METHOD_MATCH = YES;
				COPY_PHASE_STRIP = NO;
				DEBUG_INFORMATION_FORMAT = dwarf;
				ENABLE_STRICT_OBJC_MSGSEND = YES;
				ENABLE_TESTABILITY = YES;
				GCC_C_LANGUAGE_STANDARD = gnu11;
				GCC_DYNAMIC_NO_PIC = NO;
				GCC_NO_COMMON_BLOCKS = YES;
				GCC_OPTIMIZATION_LEVEL = 0;
				GCC_PREPROCESSOR_DEFINITIONS = (
					"DEBUG=1",
					"$(inherited)",
				);
				GCC_WARN_64_TO_32_BIT_CONVERSION = YES;
				GCC_WARN_ABOUT_RETURN_TYPE = YES_ERROR;
				GCC_WARN_UNDECLARED_SELECTOR = YES;
				GCC_WARN_UNINITIALIZED_AUTOS = YES_AGGRESSIVE;
				GCC_WARN_UNUSED_FUNCTION = YES;
				GCC_WARN_UNUSED_VARIABLE = YES;
				IPHONEOS_DEPLOYMENT_TARGET = 16.1;
				MTL_ENABLE_DEBUG_INFO = INCLUDE_SOURCE;
				MTL_FAST_MATH = YES;
				ONLY_ACTIVE_ARCH = YES;
				SDKROOT = iphoneos;
				SWIFT_ACTIVE_COMPILATION_CONDITIONS = DEBUG;
				SWIFT_OPTIMIZATION_LEVEL = "-Onone";
			};
			name = Debug;
		};
		4EB08745296CB90600F07050 /* Release */ = {
			isa = XCBuildConfiguration;
			buildSettings = {
				ALWAYS_SEARCH_USER_PATHS = NO;
				CLANG_ANALYZER_NONNULL = YES;
				CLANG_ANALYZER_NUMBER_OBJECT_CONVERSION = YES_AGGRESSIVE;
				CLANG_CXX_LANGUAGE_STANDARD = "gnu++20";
				CLANG_ENABLE_MODULES = YES;
				CLANG_ENABLE_OBJC_ARC = YES;
				CLANG_ENABLE_OBJC_WEAK = YES;
				CLANG_WARN_BLOCK_CAPTURE_AUTORELEASING = YES;
				CLANG_WARN_BOOL_CONVERSION = YES;
				CLANG_WARN_COMMA = YES;
				CLANG_WARN_CONSTANT_CONVERSION = YES;
				CLANG_WARN_DEPRECATED_OBJC_IMPLEMENTATIONS = YES;
				CLANG_WARN_DIRECT_OBJC_ISA_USAGE = YES_ERROR;
				CLANG_WARN_DOCUMENTATION_COMMENTS = YES;
				CLANG_WARN_EMPTY_BODY = YES;
				CLANG_WARN_ENUM_CONVERSION = YES;
				CLANG_WARN_INFINITE_RECURSION = YES;
				CLANG_WARN_INT_CONVERSION = YES;
				CLANG_WARN_NON_LITERAL_NULL_CONVERSION = YES;
				CLANG_WARN_OBJC_IMPLICIT_RETAIN_SELF = YES;
				CLANG_WARN_OBJC_LITERAL_CONVERSION = YES;
				CLANG_WARN_OBJC_ROOT_CLASS = YES_ERROR;
				CLANG_WARN_QUOTED_INCLUDE_IN_FRAMEWORK_HEADER = YES;
				CLANG_WARN_RANGE_LOOP_ANALYSIS = YES;
				CLANG_WARN_STRICT_PROTOTYPES = YES;
				CLANG_WARN_SUSPICIOUS_MOVE = YES;
				CLANG_WARN_UNGUARDED_AVAILABILITY = YES_AGGRESSIVE;
				CLANG_WARN_UNREACHABLE_CODE = YES;
				CLANG_WARN__DUPLICATE_METHOD_MATCH = YES;
				COPY_PHASE_STRIP = NO;
				DEBUG_INFORMATION_FORMAT = "dwarf-with-dsym";
				ENABLE_NS_ASSERTIONS = NO;
				ENABLE_STRICT_OBJC_MSGSEND = YES;
				GCC_C_LANGUAGE_STANDARD = gnu11;
				GCC_NO_COMMON_BLOCKS = YES;
				GCC_WARN_64_TO_32_BIT_CONVERSION = YES;
				GCC_WARN_ABOUT_RETURN_TYPE = YES_ERROR;
				GCC_WARN_UNDECLARED_SELECTOR = YES;
				GCC_WARN_UNINITIALIZED_AUTOS = YES_AGGRESSIVE;
				GCC_WARN_UNUSED_FUNCTION = YES;
				GCC_WARN_UNUSED_VARIABLE = YES;
				IPHONEOS_DEPLOYMENT_TARGET = 16.1;
				MTL_ENABLE_DEBUG_INFO = NO;
				MTL_FAST_MATH = YES;
				SDKROOT = iphoneos;
				SWIFT_COMPILATION_MODE = wholemodule;
				SWIFT_OPTIMIZATION_LEVEL = "-O";
				VALIDATE_PRODUCT = YES;
			};
			name = Release;
		};
		4EB08747296CB90600F07050 /* Debug */ = {
			isa = XCBuildConfiguration;
			buildSettings = {
				ASSETCATALOG_COMPILER_APPICON_NAME = AppIcon;
				ASSETCATALOG_COMPILER_GLOBAL_ACCENT_COLOR_NAME = AccentColor;
				CODE_SIGN_STYLE = Automatic;
				CURRENT_PROJECT_VERSION = 1;
				DEVELOPMENT_TEAM = 87JB6QS95U;
				GENERATE_INFOPLIST_FILE = YES;
				INFOPLIST_FILE = "SeriesList/Supporting Files/Info.plist";
				INFOPLIST_KEY_CFBundleDisplayName = "Series List";
				INFOPLIST_KEY_UIApplicationSupportsIndirectInputEvents = YES;
				INFOPLIST_KEY_UILaunchStoryboardName = LaunchScreen.storyboard;
				INFOPLIST_KEY_UIMainStoryboardFile = "";
				INFOPLIST_KEY_UISupportedInterfaceOrientations = UIInterfaceOrientationPortrait;
				LD_RUNPATH_SEARCH_PATHS = (
					"$(inherited)",
					"@executable_path/Frameworks",
				);
				MARKETING_VERSION = 1.0;
				PRODUCT_BUNDLE_IDENTIFIER = vitu86.SeriesList;
				PRODUCT_NAME = "$(TARGET_NAME)";
				SWIFT_EMIT_LOC_STRINGS = YES;
				SWIFT_VERSION = 5.0;
				TARGETED_DEVICE_FAMILY = "1,2";
			};
			name = Debug;
		};
		4EB08748296CB90600F07050 /* Release */ = {
			isa = XCBuildConfiguration;
			buildSettings = {
				ASSETCATALOG_COMPILER_APPICON_NAME = AppIcon;
				ASSETCATALOG_COMPILER_GLOBAL_ACCENT_COLOR_NAME = AccentColor;
				CODE_SIGN_STYLE = Automatic;
				CURRENT_PROJECT_VERSION = 1;
				DEVELOPMENT_TEAM = 87JB6QS95U;
				GENERATE_INFOPLIST_FILE = YES;
				INFOPLIST_FILE = "SeriesList/Supporting Files/Info.plist";
				INFOPLIST_KEY_CFBundleDisplayName = "Series List";
				INFOPLIST_KEY_UIApplicationSupportsIndirectInputEvents = YES;
				INFOPLIST_KEY_UILaunchStoryboardName = LaunchScreen.storyboard;
				INFOPLIST_KEY_UIMainStoryboardFile = "";
				INFOPLIST_KEY_UISupportedInterfaceOrientations = UIInterfaceOrientationPortrait;
				LD_RUNPATH_SEARCH_PATHS = (
					"$(inherited)",
					"@executable_path/Frameworks",
				);
				MARKETING_VERSION = 1.0;
				PRODUCT_BUNDLE_IDENTIFIER = vitu86.SeriesList;
				PRODUCT_NAME = "$(TARGET_NAME)";
				SWIFT_EMIT_LOC_STRINGS = YES;
				SWIFT_VERSION = 5.0;
				TARGETED_DEVICE_FAMILY = "1,2";
			};
			name = Release;
		};
		4EB0874A296CB90600F07050 /* Debug */ = {
			isa = XCBuildConfiguration;
			buildSettings = {
				ALWAYS_EMBED_SWIFT_STANDARD_LIBRARIES = YES;
				BUNDLE_LOADER = "$(TEST_HOST)";
				CODE_SIGN_STYLE = Automatic;
				CURRENT_PROJECT_VERSION = 1;
				DEVELOPMENT_TEAM = 87JB6QS95U;
				GENERATE_INFOPLIST_FILE = YES;
				IPHONEOS_DEPLOYMENT_TARGET = 16.1;
				MARKETING_VERSION = 1.0;
				PRODUCT_BUNDLE_IDENTIFIER = vitu86.SeriesListTests;
				PRODUCT_NAME = "$(TARGET_NAME)";
				SWIFT_EMIT_LOC_STRINGS = NO;
				SWIFT_VERSION = 5.0;
				TARGETED_DEVICE_FAMILY = "1,2";
				TEST_HOST = "$(BUILT_PRODUCTS_DIR)/SeriesList.app/$(BUNDLE_EXECUTABLE_FOLDER_PATH)/SeriesList";
			};
			name = Debug;
		};
		4EB0874B296CB90600F07050 /* Release */ = {
			isa = XCBuildConfiguration;
			buildSettings = {
				ALWAYS_EMBED_SWIFT_STANDARD_LIBRARIES = YES;
				BUNDLE_LOADER = "$(TEST_HOST)";
				CODE_SIGN_STYLE = Automatic;
				CURRENT_PROJECT_VERSION = 1;
				DEVELOPMENT_TEAM = 87JB6QS95U;
				GENERATE_INFOPLIST_FILE = YES;
				IPHONEOS_DEPLOYMENT_TARGET = 16.1;
				MARKETING_VERSION = 1.0;
				PRODUCT_BUNDLE_IDENTIFIER = vitu86.SeriesListTests;
				PRODUCT_NAME = "$(TARGET_NAME)";
				SWIFT_EMIT_LOC_STRINGS = NO;
				SWIFT_VERSION = 5.0;
				TARGETED_DEVICE_FAMILY = "1,2";
				TEST_HOST = "$(BUILT_PRODUCTS_DIR)/SeriesList.app/$(BUNDLE_EXECUTABLE_FOLDER_PATH)/SeriesList";
			};
			name = Release;
		};
/* End XCBuildConfiguration section */

/* Begin XCConfigurationList section */
		4EB08717296CB90500F07050 /* Build configuration list for PBXProject "SeriesList" */ = {
			isa = XCConfigurationList;
			buildConfigurations = (
				4EB08744296CB90600F07050 /* Debug */,
				4EB08745296CB90600F07050 /* Release */,
			);
			defaultConfigurationIsVisible = 0;
			defaultConfigurationName = Release;
		};
		4EB08746296CB90600F07050 /* Build configuration list for PBXNativeTarget "SeriesList" */ = {
			isa = XCConfigurationList;
			buildConfigurations = (
				4EB08747296CB90600F07050 /* Debug */,
				4EB08748296CB90600F07050 /* Release */,
			);
			defaultConfigurationIsVisible = 0;
			defaultConfigurationName = Release;
		};
		4EB08749296CB90600F07050 /* Build configuration list for PBXNativeTarget "SeriesListTests" */ = {
			isa = XCConfigurationList;
			buildConfigurations = (
				4EB0874A296CB90600F07050 /* Debug */,
				4EB0874B296CB90600F07050 /* Release */,
			);
			defaultConfigurationIsVisible = 0;
			defaultConfigurationName = Release;
		};
/* End XCConfigurationList section */
	};
	rootObject = 4EB08714296CB90500F07050 /* Project object */;
}
